
Microsoft Visual Studio Solution File, Format Version 12.00
# Visual Studio Version 16
VisualStudioVersion = 16.0.29409.12
MinimumVisualStudioVersion = 10.0.40219.1
Project("{9A19103F-16F7-4668-BE54-9A1E7A4F7556}") = "ProvaEAuditoria", "ProvaEAuditoria\ProvaEAuditoria.csproj", "{43312409-6262-4763-8676-5D9AE015D363}"
EndProject
Global
	GlobalSection(SolutionConfigurationPlatforms) = preSolution
		Debug|Any CPU = Debug|Any CPU
		Release|Any CPU = Release|Any CPU
	EndGlobalSection
	GlobalSection(ProjectConfigurationPlatforms) = postSolution
		{43312409-6262-4763-8676-5D9AE015D363}.Debug|Any CPU.ActiveCfg = Debug|Any CPU
		{43312409-6262-4763-8676-5D9AE015D363}.Debug|Any CPU.Build.0 = Debug|Any CPU
		{43312409-6262-4763-8676-5D9AE015D363}.Release|Any CPU.ActiveCfg = Release|Any CPU
		{43312409-6262-4763-8676-5D9AE015D363}.Release|Any CPU.Build.0 = Release|Any CPU
	EndGlobalSection
	GlobalSection(SolutionProperties) = preSolution
		HideSolutionNode = FALSE
	EndGlobalSection
	GlobalSection(ExtensibilityGlobals) = postSolution
		SolutionGuid = {8EE27E93-66EE-41BD-9817-464C8922CBAC}
	EndGlobalSection
EndGlobal
